
Microsoft Visual Studio Solution File, Format Version 12.00
# Visual Studio Version 17
VisualStudioVersion = 17.11.35222.181
MinimumVisualStudioVersion = 10.0.40219.1
Project("{FAE04EC0-301F-11D3-BF4B-00C04F79EFBC}") = "Guia3.1", "Guia3.1.csproj", "{4F031C83-0F7C-4B34-8D4F-396E49A54AD3}"
EndProject
Global
	GlobalSection(SolutionConfigurationPlatforms) = preSolution
		Debug|Any CPU = Debug|Any CPU
		Release|Any CPU = Release|Any CPU
	EndGlobalSection
	GlobalSection(ProjectConfigurationPlatforms) = postSolution
		{4F031C83-0F7C-4B34-8D4F-396E49A54AD3}.Debug|Any CPU.ActiveCfg = Debug|Any CPU
		{4F031C83-0F7C-4B34-8D4F-396E49A54AD3}.Debug|Any CPU.Build.0 = Debug|Any CPU
		{4F031C83-0F7C-4B34-8D4F-396E49A54AD3}.Release|Any CPU.ActiveCfg = Release|Any CPU
		{4F031C83-0F7C-4B34-8D4F-396E49A54AD3}.Release|Any CPU.Build.0 = Release|Any CPU
	EndGlobalSection
	GlobalSection(SolutionProperties) = preSolution
		HideSolutionNode = FALSE
	EndGlobalSection
	GlobalSection(ExtensibilityGlobals) = postSolution
		SolutionGuid = {D1983DAD-DA52-4EFB-A8C8-ABA560B4A290}
	EndGlobalSection
EndGlobal
